// !$*UTF8*$!
{
	archiveVersion = 1;
	classes = {
	};
	objectVersion = 47;
	objects = {

/* Begin PBXBuildFile section */
		B028BD741BEF14E600B2F3AA /* AppDelegate.swift in Sources */ = {isa = PBXBuildFile; fileRef = B028BD731BEF14E600B2F3AA /* AppDelegate.swift */; };
		B028BD761BEF14E600B2F3AA /* ViewController.swift in Sources */ = {isa = PBXBuildFile; fileRef = B028BD751BEF14E600B2F3AA /* ViewController.swift */; };
		B028BD791BEF14E600B2F3AA /* Main.storyboard in Resources */ = {isa = PBXBuildFile; fileRef = B028BD771BEF14E600B2F3AA /* Main.storyboard */; };
		B028BD7B1BEF14E600B2F3AA /* Assets.xcassets in Resources */ = {isa = PBXBuildFile; fileRef = B028BD7A1BEF14E600B2F3AA /* Assets.xcassets */; };
		B028BD7E1BEF14E600B2F3AA /* LaunchScreen.storyboard in Resources */ = {isa = PBXBuildFile; fileRef = B028BD7C1BEF14E600B2F3AA /* LaunchScreen.storyboard */; };
		B028BD891BEF14E600B2F3AA /* FoodTrackerTests.swift in Sources */ = {isa = PBXBuildFile; fileRef = B028BD881BEF14E600B2F3AA /* FoodTrackerTests.swift */; };
		B0D6B0D51C809EEE0012F28D /* RatingControl.swift in Sources */ = {isa = PBXBuildFile; fileRef = B0D6B0D41C809EEE0012F28D /* RatingControl.swift */; };
		B0D6B0D71C8BE9A00012F28D /* Meal.swift in Sources */ = {isa = PBXBuildFile; fileRef = B0D6B0D61C8BE9A00012F28D /* Meal.swift */; };
		B0D6B0D81C8BE9A00012F28D /* Meal.swift in Sources */ = {isa = PBXBuildFile; fileRef = B0D6B0D61C8BE9A00012F28D /* Meal.swift */; };
/* End PBXBuildFile section */

/* Begin PBXContainerItemProxy section */
		B028BD851BEF14E600B2F3AA /* PBXContainerItemProxy */ = {
			isa = PBXContainerItemProxy;
			containerPortal = B028BD681BEF14E600B2F3AA /* Project object */;
			proxyType = 1;
			remoteGlobalIDString = B028BD6F1BEF14E600B2F3AA;
			remoteInfo = FoodTracker;
		};
/* End PBXContainerItemProxy section */

/* Begin PBXFileReference section */
		B028BD701BEF14E600B2F3AA /* FoodTracker.app */ = {isa = PBXFileReference; explicitFileType = wrapper.application; includeInIndex = 0; path = FoodTracker.app; sourceTree = BUILT_PRODUCTS_DIR; };
		B028BD731BEF14E600B2F3AA /* AppDelegate.swift */ = {isa = PBXFileReference; lastKnownFileType = sourcecode.swift; path = AppDelegate.swift; sourceTree = "<group>"; };
		B028BD751BEF14E600B2F3AA /* ViewController.swift */ = {isa = PBXFileReference; lastKnownFileType = sourcecode.swift; path = ViewController.swift; sourceTree = "<group>"; };
		B028BD781BEF14E600B2F3AA /* Base */ = {isa = PBXFileReference; lastKnownFileType = file.storyboard; name = Base; path = Base.lproj/Main.storyboard; sourceTree = "<group>"; };
		B028BD7A1BEF14E600B2F3AA /* Assets.xcassets */ = {isa = PBXFileReference; lastKnownFileType = folder.assetcatalog; path = Assets.xcassets; sourceTree = "<group>"; };
		B028BD7D1BEF14E600B2F3AA /* Base */ = {isa = PBXFileReference; lastKnownFileType = file.storyboard; name = Base; path = Base.lproj/LaunchScreen.storyboard; sourceTree = "<group>"; };
		B028BD7F1BEF14E600B2F3AA /* Info.plist */ = {isa = PBXFileReference; lastKnownFileType = text.plist.xml; path = Info.plist; sourceTree = "<group>"; };
		B028BD841BEF14E600B2F3AA /* FoodTrackerTests.xctest */ = {isa = PBXFileReference; explicitFileType = wrapper.cfbundle; includeInIndex = 0; path = FoodTrackerTests.xctest; sourceTree = BUILT_PRODUCTS_DIR; };
		B028BD881BEF14E600B2F3AA /* FoodTrackerTests.swift */ = {isa = PBXFileReference; lastKnownFileType = sourcecode.swift; path = FoodTrackerTests.swift; sourceTree = "<group>"; };
		B028BD8A1BEF14E600B2F3AA /* Info.plist */ = {isa = PBXFileReference; lastKnownFileType = text.plist.xml; path = Info.plist; sourceTree = "<group>"; };
		B0D6B0D41C809EEE0012F28D /* RatingControl.swift */ = {isa = PBXFileReference; fileEncoding = 4; lastKnownFileType = sourcecode.swift; path = RatingControl.swift; sourceTree = "<group>"; };
		B0D6B0D61C8BE9A00012F28D /* Meal.swift */ = {isa = PBXFileReference; fileEncoding = 4; lastKnownFileType = sourcecode.swift; path = Meal.swift; sourceTree = "<group>"; };
/* End PBXFileReference section */

/* Begin PBXFrameworksBuildPhase section */
		B028BD6D1BEF14E600B2F3AA /* Frameworks */ = {
			isa = PBXFrameworksBuildPhase;
			buildActionMask = 2147483647;
			files = (
			);
			runOnlyForDeploymentPostprocessing = 0;
		};
		B028BD811BEF14E600B2F3AA /* Frameworks */ = {
			isa = PBXFrameworksBuildPhase;
			buildActionMask = 2147483647;
			files = (
			);
			runOnlyForDeploymentPostprocessing = 0;
		};
/* End PBXFrameworksBuildPhase section */

/* Begin PBXGroup section */
		B028BD671BEF14E600B2F3AA = {
			isa = PBXGroup;
			children = (
				B028BD721BEF14E600B2F3AA /* FoodTracker */,
				B028BD871BEF14E600B2F3AA /* FoodTrackerTests */,
				B028BD711BEF14E600B2F3AA /* Products */,
			);
			sourceTree = "<group>";
		};
		B028BD711BEF14E600B2F3AA /* Products */ = {
			isa = PBXGroup;
			children = (
				B028BD701BEF14E600B2F3AA /* FoodTracker.app */,
				B028BD841BEF14E600B2F3AA /* FoodTrackerTests.xctest */,
			);
			name = Products;
			sourceTree = "<group>";
		};
		B028BD721BEF14E600B2F3AA /* FoodTracker */ = {
			isa = PBXGroup;
			children = (
				B028BD731BEF14E600B2F3AA /* AppDelegate.swift */,
				B028BD751BEF14E600B2F3AA /* ViewController.swift */,
				B0D6B0D61C8BE9A00012F28D /* Meal.swift */,
				B0D6B0D41C809EEE0012F28D /* RatingControl.swift */,
				B028BD771BEF14E600B2F3AA /* Main.storyboard */,
				B028BD7A1BEF14E600B2F3AA /* Assets.xcassets */,
				B028BD7C1BEF14E600B2F3AA /* LaunchScreen.storyboard */,
				B028BD7F1BEF14E600B2F3AA /* Info.plist */,
			);
			path = FoodTracker;
			sourceTree = "<group>";
		};
		B028BD871BEF14E600B2F3AA /* FoodTrackerTests */ = {
			isa = PBXGroup;
			children = (
				B028BD881BEF14E600B2F3AA /* FoodTrackerTests.swift */,
				B028BD8A1BEF14E600B2F3AA /* Info.plist */,
			);
			path = FoodTrackerTests;
			sourceTree = "<group>";
		};
/* End PBXGroup section */

/* Begin PBXNativeTarget section */
		B028BD6F1BEF14E600B2F3AA /* FoodTracker */ = {
			isa = PBXNativeTarget;
			buildConfigurationList = B028BD8D1BEF14E600B2F3AA /* Build configuration list for PBXNativeTarget "FoodTracker" */;
			buildPhases = (
				B028BD6C1BEF14E600B2F3AA /* Sources */,
				B028BD6D1BEF14E600B2F3AA /* Frameworks */,
				B028BD6E1BEF14E600B2F3AA /* Resources */,
			);
			buildRules = (
			);
			dependencies = (
			);
			name = FoodTracker;
			productName = FoodTracker;
			productReference = B028BD701BEF14E600B2F3AA /* FoodTracker.app */;
			productType = "com.apple.product-type.application";
		};
		B028BD831BEF14E600B2F3AA /* FoodTrackerTests */ = {
			isa = PBXNativeTarget;
			buildConfigurationList = B028BD901BEF14E600B2F3AA /* Build configuration list for PBXNativeTarget "FoodTrackerTests" */;
			buildPhases = (
				B028BD801BEF14E600B2F3AA /* Sources */,
				B028BD811BEF14E600B2F3AA /* Frameworks */,
				B028BD821BEF14E600B2F3AA /* Resources */,
			);
			buildRules = (
			);
			dependencies = (
				B028BD861BEF14E600B2F3AA /* PBXTargetDependency */,
			);
			name = FoodTrackerTests;
			productName = FoodTrackerTests;
			productReference = B028BD841BEF14E600B2F3AA /* FoodTrackerTests.xctest */;
			productType = "com.apple.product-type.bundle.unit-test";
		};
/* End PBXNativeTarget section */

/* Begin PBXProject section */
		B028BD681BEF14E600B2F3AA /* Project object */ = {
			isa = PBXProject;
			attributes = {
				LastSwiftUpdateCheck = 0710;
				LastUpgradeCheck = 0710;
				ORGANIZATIONNAME = "Takuya OHASHI";
				TargetAttributes = {
					B028BD6F1BEF14E600B2F3AA = {
						CreatedOnToolsVersion = 7.1;
					};
					B028BD831BEF14E600B2F3AA = {
						CreatedOnToolsVersion = 7.1;
						TestTargetID = B028BD6F1BEF14E600B2F3AA;
					};
				};
			};
			buildConfigurationList = B028BD6B1BEF14E600B2F3AA /* Build configuration list for PBXProject "FoodTracker" */;
			compatibilityVersion = "Xcode 6.3";
			developmentRegion = English;
			hasScannedForEncodings = 0;
			knownRegions = (
				en,
				Base,
			);
			mainGroup = B028BD671BEF14E600B2F3AA;
			productRefGroup = B028BD711BEF14E600B2F3AA /* Products */;
			projectDirPath = "";
			projectRoot = "";
			targets = (
				B028BD6F1BEF14E600B2F3AA /* FoodTracker */,
				B028BD831BEF14E600B2F3AA /* FoodTrackerTests */,
			);
		};
/* End PBXProject section */

/* Begin PBXResourcesBuildPhase section */
		B028BD6E1BEF14E600B2F3AA /* Resources */ = {
			isa = PBXResourcesBuildPhase;
			buildActionMask = 2147483647;
			files = (
				B028BD7E1BEF14E600B2F3AA /* LaunchScreen.storyboard in Resources */,
				B028BD7B1BEF14E600B2F3AA /* Assets.xcassets in Resources */,
				B028BD791BEF14E600B2F3AA /* Main.storyboard in Resources */,
			);
			runOnlyForDeploymentPostprocessing = 0;
		};
		B028BD821BEF14E600B2F3AA /* Resources */ = {
			isa = PBXResourcesBuildPhase;
			buildActionMask = 2147483647;
			files = (
			);
			runOnlyForDeploymentPostprocessing = 0;
		};
/* End PBXResourcesBuildPhase section */

/* Begin PBXSourcesBuildPhase section */
		B028BD6C1BEF14E600B2F3AA /* Sources */ = {
			isa = PBXSourcesBuildPhase;
			buildActionMask = 2147483647;
			files = (
				B0D6B0D71C8BE9A00012F28D /* Meal.swift in Sources */,
				B028BD761BEF14E600B2F3AA /* ViewController.swift in Sources */,
				B0D6B0D51C809EEE0012F28D /* RatingControl.swift in Sources */,
				B028BD741BEF14E600B2F3AA /* AppDelegate.swift in Sources */,
			);
			runOnlyForDeploymentPostprocessing = 0;
		};
		B028BD801BEF14E600B2F3AA /* Sources */ = {
			isa = PBXSourcesBuildPhase;
			buildActionMask = 2147483647;
			files = (
				B0D6B0D81C8BE9A00012F28D /* Meal.swift in Sources */,
				B028BD891BEF14E600B2F3AA /* FoodTrackerTests.swift in Sources */,
			);
			runOnlyForDeploymentPostprocessing = 0;
		};
/* End PBXSourcesBuildPhase section */

/* Begin PBXTargetDependency section */
		B028BD861BEF14E600B2F3AA /* PBXTargetDependency */ = {
			isa = PBXTargetDependency;
			target = B028BD6F1BEF14E600B2F3AA /* FoodTracker */;
			targetProxy = B028BD851BEF14E600B2F3AA /* PBXContainerItemProxy */;
		};
/* End PBXTargetDependency section */

/* Begin PBXVariantGroup section */
		B028BD771BEF14E600B2F3AA /* Main.storyboard */ = {
			isa = PBXVariantGroup;
			children = (
				B028BD781BEF14E600B2F3AA /* Base */,
			);
			name = Main.storyboard;
			sourceTree = "<group>";
		};
		B028BD7C1BEF14E600B2F3AA /* LaunchScreen.storyboard */ = {
			isa = PBXVariantGroup;
			children = (
				B028BD7D1BEF14E600B2F3AA /* Base */,
			);
			name = LaunchScreen.storyboard;
			sourceTree = "<group>";
		};
/* End PBXVariantGroup section */

/* Begin XCBuildConfiguration section */
		B028BD8B1BEF14E600B2F3AA /* Debug */ = {
			isa = XCBuildConfiguration;
			buildSettings = {
				ALWAYS_SEARCH_USER_PATHS = NO;
				CLANG_CXX_LANGUAGE_STANDARD = "gnu++0x";
				CLANG_CXX_LIBRARY = "libc++";
				CLANG_ENABLE_MODULES = YES;
				CLANG_ENABLE_OBJC_ARC = YES;
				CLANG_WARN_BOOL_CONVERSION = YES;
				CLANG_WARN_CONSTANT_CONVERSION = YES;
				CLANG_WARN_DIRECT_OBJC_ISA_USAGE = YES_ERROR;
				CLANG_WARN_EMPTY_BODY = YES;
				CLANG_WARN_ENUM_CONVERSION = YES;
				CLANG_WARN_INT_CONVERSION = YES;
				CLANG_WARN_OBJC_ROOT_CLASS = YES_ERROR;
				CLANG_WARN_UNREACHABLE_CODE = YES;
				CLANG_WARN__DUPLICATE_METHOD_MATCH = YES;
				"CODE_SIGN_IDENTITY[sdk=iphoneos*]" = "iPhone Developer";
				COPY_PHASE_STRIP = NO;
				DEBUG_INFORMATION_FORMAT = dwarf;
				ENABLE_STRICT_OBJC_MSGSEND = YES;
				ENABLE_TESTABILITY = YES;
				GCC_C_LANGUAGE_STANDARD = gnu99;
				GCC_DYNAMIC_NO_PIC = NO;
				GCC_NO_COMMON_BLOCKS = YES;
				GCC_OPTIMIZATION_LEVEL = 0;
				GCC_PREPROCESSOR_DEFINITIONS = (
					"DEBUG=1",
					"$(inherited)",
				);
				GCC_WARN_64_TO_32_BIT_CONVERSION = YES;
				GCC_WARN_ABOUT_RETURN_TYPE = YES_ERROR;
				GCC_WARN_UNDECLARED_SELECTOR = YES;
				GCC_WARN_UNINITIALIZED_AUTOS = YES_AGGRESSIVE;
				GCC_WARN_UNUSED_FUNCTION = YES;
				GCC_WARN_UNUSED_VARIABLE = YES;
				IPHONEOS_DEPLOYMENT_TARGET = 9.1;
				MTL_ENABLE_DEBUG_INFO = YES;
				ONLY_ACTIVE_ARCH = YES;
				SDKROOT = iphoneos;
				SWIFT_OPTIMIZATION_LEVEL = "-Onone";
				TARGETED_DEVICE_FAMILY = "1,2";
			};
			name = Debug;
		};
		B028BD8C1BEF14E600B2F3AA /* Release */ = {
			isa = XCBuildConfiguration;
			buildSettings = {
				ALWAYS_SEARCH_USER_PATHS = NO;
				CLANG_CXX_LANGUAGE_STANDARD = "gnu++0x";
				CLANG_CXX_LIBRARY = "libc++";
				CLANG_ENABLE_MODULES = YES;
				CLANG_ENABLE_OBJC_ARC = YES;
				CLANG_WARN_BOOL_CONVERSION = YES;
				CLANG_WARN_CONSTANT_CONVERSION = YES;
				CLANG_WARN_DIRECT_OBJC_ISA_USAGE = YES_ERROR;
				CLANG_WARN_EMPTY_BODY = YES;
				CLANG_WARN_ENUM_CONVERSION = YES;
				CLANG_WARN_INT_CONVERSION = YES;
				CLANG_WARN_OBJC_ROOT_CLASS = YES_ERROR;
				CLANG_WARN_UNREACHABLE_CODE = YES;
				CLANG_WARN__DUPLICATE_METHOD_MATCH = YES;
				"CODE_SIGN_IDENTITY[sdk=iphoneos*]" = "iPhone Developer";
				COPY_PHASE_STRIP = NO;
				DEBUG_INFORMATION_FORMAT = "dwarf-with-dsym";
				ENABLE_NS_ASSERTIONS = NO;
				ENABLE_STRICT_OBJC_MSGSEND = YES;
				GCC_C_LANGUAGE_STANDARD = gnu99;
				GCC_NO_COMMON_BLOCKS = YES;
				GCC_WARN_64_TO_32_BIT_CONVERSION = YES;
				GCC_WARN_ABOUT_RETURN_TYPE = YES_ERROR;
				GCC_WARN_UNDECLARED_SELECTOR = YES;
				GCC_WARN_UNINITIALIZED_AUTOS = YES_AGGRESSIVE;
				GCC_WARN_UNUSED_FUNCTION = YES;
				GCC_WARN_UNUSED_VARIABLE = YES;
				IPHONEOS_DEPLOYMENT_TARGET = 9.1;
				MTL_ENABLE_DEBUG_INFO = NO;
				SDKROOT = iphoneos;
				TARGETED_DEVICE_FAMILY = "1,2";
				VALIDATE_PRODUCT = YES;
			};
			name = Release;
		};
		B028BD8E1BEF14E600B2F3AA /* Debug */ = {
			isa = XCBuildConfiguration;
			buildSettings = {
				ASSETCATALOG_COMPILER_APPICON_NAME = AppIcon;
				INFOPLIST_FILE = FoodTracker/Info.plist;
				LD_RUNPATH_SEARCH_PATHS = "$(inherited) @executable_path/Frameworks";
				PRODUCT_BUNDLE_IDENTIFIER = com.example.FoodTracker;
				PRODUCT_NAME = "$(TARGET_NAME)";
			};
			name = Debug;
		};
		B028BD8F1BEF14E600B2F3AA /* Release */ = {
			isa = XCBuildConfiguration;
			buildSettings = {
				ASSETCATALOG_COMPILER_APPICON_NAME = AppIcon;
				INFOPLIST_FILE = FoodTracker/Info.plist;
				LD_RUNPATH_SEARCH_PATHS = "$(inherited) @executable_path/Frameworks";
				PRODUCT_BUNDLE_IDENTIFIER = com.example.FoodTracker;
				PRODUCT_NAME = "$(TARGET_NAME)";
			};
			name = Release;
		};
		B028BD911BEF14E600B2F3AA /* Debug */ = {
			isa = XCBuildConfiguration;
			buildSettings = {
				BUNDLE_LOADER = "$(TEST_HOST)";
				INFOPLIST_FILE = FoodTrackerTests/Info.plist;
				LD_RUNPATH_SEARCH_PATHS = "$(inherited) @executable_path/Frameworks @loader_path/Frameworks";
				PRODUCT_BUNDLE_IDENTIFIER = com.example.FoodTrackerTests;
				PRODUCT_NAME = "$(TARGET_NAME)";
				TEST_HOST = "$(BUILT_PRODUCTS_DIR)/FoodTracker.app/FoodTracker";
			};
			name = Debug;
		};
		B028BD921BEF14E600B2F3AA /* Release */ = {
			isa = XCBuildConfiguration;
			buildSettings = {
				BUNDLE_LOADER = "$(TEST_HOST)";
				INFOPLIST_FILE = FoodTrackerTests/Info.plist;
				LD_RUNPATH_SEARCH_PATHS = "$(inherited) @executable_path/Frameworks @loader_path/Frameworks";
				PRODUCT_BUNDLE_IDENTIFIER = com.example.FoodTrackerTests;
				PRODUCT_NAME = "$(TARGET_NAME)";
				TEST_HOST = "$(BUILT_PRODUCTS_DIR)/FoodTracker.app/FoodTracker";
			};
			name = Release;
		};
/* End XCBuildConfiguration section */

/* Begin XCConfigurationList section */
		B028BD6B1BEF14E600B2F3AA /* Build configuration list for PBXProject "FoodTracker" */ = {
			isa = XCConfigurationList;
			buildConfigurations = (
				B028BD8B1BEF14E600B2F3AA /* Debug */,
				B028BD8C1BEF14E600B2F3AA /* Release */,
			);
			defaultConfigurationIsVisible = 0;
			defaultConfigurationName = Release;
		};
		B028BD8D1BEF14E600B2F3AA /* Build configuration list for PBXNativeTarget "FoodTracker" */ = {
			isa = XCConfigurationList;
			buildConfigurations = (
				B028BD8E1BEF14E600B2F3AA /* Debug */,
				B028BD8F1BEF14E600B2F3AA /* Release */,
			);
			defaultConfigurationIsVisible = 0;
			defaultConfigurationName = Release;
		};
		B028BD901BEF14E600B2F3AA /* Build configuration list for PBXNativeTarget "FoodTrackerTests" */ = {
			isa = XCConfigurationList;
			buildConfigurations = (
				B028BD911BEF14E600B2F3AA /* Debug */,
				B028BD921BEF14E600B2F3AA /* Release */,
			);
			defaultConfigurationIsVisible = 0;
			defaultConfigurationName = Release;
		};
/* End XCConfigurationList section */
	};
	rootObject = B028BD681BEF14E600B2F3AA /* Project object */;
}
